// !$*UTF8*$!
{
	archiveVersion = 1;
	classes = {
	};
	objectVersion = 77;
	objects = {

/* Begin PBXContainerItemProxy section */
		23C76BC22F30A6EE007CBFA3 /* PBXContainerItemProxy */ = {
			isa = PBXContainerItemProxy;
			containerPortal = 23C76BA92F30A6ED007CBFA3 /* Project object */;
			proxyType = 1;
			remoteGlobalIDString = 23C76BB02F30A6ED007CBFA3;
			remoteInfo = List_LA;
		};
		23C76BCC2F30A6EE007CBFA3 /* PBXContainerItemProxy */ = {
			isa = PBXContainerItemProxy;
			containerPortal = 23C76BA92F30A6ED007CBFA3 /* Project object */;
			proxyType = 1;
			remoteGlobalIDString = 23C76BB02F30A6ED007CBFA3;
			remoteInfo = List_LA;
		};
/* End PBXContainerItemProxy section */

/* Begin PBXFileReference section */
		23C76BB12F30A6ED007CBFA3 /* List_LA.app */ = {isa = PBXFileReference; explicitFileType = wrapper.application; includeInIndex = 0; path = List_LA.app; sourceTree = BUILT_PRODUCTS_DIR; };
		23C76BC12F30A6EE007CBFA3 /* List_LATests.xctest */ = {isa = PBXFileReference; explicitFileType = wrapper.cfbundle; includeInIndex = 0; path = List_LATests.xctest; sourceTree = BUILT_PRODUCTS_DIR; };
		23C76BCB2F30A6EE007CBFA3 /* List_LAUITests.xctest */ = {isa = PBXFileReference; explicitFileType = wrapper.cfbundle; includeInIndex = 0; path = List_LAUITests.xctest; sourceTree = BUILT_PRODUCTS_DIR; };
/* End PBXFileReference section */

/* Begin PBXFileSystemSynchronizedRootGroup section */
		23C76BB32F30A6ED007CBFA3 /* List_LA */ = {
			isa = PBXFileSystemSynchronizedRootGroup;
			path = List_LA;
			sourceTree = "<group>";
		};
		23C76BC42F30A6EE007CBFA3 /* List_LATests */ = {
			isa = PBXFileSystemSynchronizedRootGroup;
			path = List_LATests;
			sourceTree = "<group>";
		};
		23C76BCE2F30A6EE007CBFA3 /* List_LAUITests */ = {
			isa = PBXFileSystemSynchronizedRootGroup;
			path = List_LAUITests;
			sourceTree = "<group>";
		};
/* End PBXFileSystemSynchronizedRootGroup section */

/* Begin PBXFrameworksBuildPhase section */
		23C76BAE2F30A6ED007CBFA3 /* Frameworks */ = {
			isa = PBXFrameworksBuildPhase;
			buildActionMask = 2147483647;
			files = (
			);
			runOnlyForDeploymentPostprocessing = 0;
		};
		23C76BBE2F30A6EE007CBFA3 /* Frameworks */ = {
			isa = PBXFrameworksBuildPhase;
			buildActionMask = 2147483647;
			files = (
			);
			runOnlyForDeploymentPostprocessing = 0;
		};
		23C76BC82F30A6EE007CBFA3 /* Frameworks */ = {
			isa = PBXFrameworksBuildPhase;
			buildActionMask = 2147483647;
			files = (
			);
			runOnlyForDeploymentPostprocessing = 0;
		};
/* End PBXFrameworksBuildPhase section */

/* Begin PBXGroup section */
		23C76BA82F30A6ED007CBFA3 = {
			isa = PBXGroup;
			children = (
				23C76BB32F30A6ED007CBFA3 /* List_LA */,
				23C76BC42F30A6EE007CBFA3 /* List_LATests */,
				23C76BCE2F30A6EE007CBFA3 /* List_LAUITests */,
				23C76BB22F30A6ED007CBFA3 /* Products */,
			);
			sourceTree = "<group>";
		};
		23C76BB22F30A6ED007CBFA3 /* Products */ = {
			isa = PBXGroup;
			children = (
				23C76BB12F30A6ED007CBFA3 /* List_LA.app */,
				23C76BC12F30A6EE007CBFA3 /* List_LATests.xctest */,
				23C76BCB2F30A6EE007CBFA3 /* List_LAUITests.xctest */,
			);
			name = Products;
			sourceTree = "<group>";
		};
/* End PBXGroup section */

/* Begin PBXNativeTarget section */
		23C76BB02F30A6ED007CBFA3 /* List_LA */ = {
			isa = PBXNativeTarget;
			buildConfigurationList = 23C76BD52F30A6EE007CBFA3 /* Build configuration list for PBXNativeTarget "List_LA" */;
			buildPhases = (
				23C76BAD2F30A6ED007CBFA3 /* Sources */,
				23C76BAE2F30A6ED007CBFA3 /* Frameworks */,
				23C76BAF2F30A6ED007CBFA3 /* Resources */,
			);
			buildRules = (
			);
			dependencies = (
			);
			fileSystemSynchronizedGroups = (
				23C76BB32F30A6ED007CBFA3 /* List_LA */,
			);
			name = List_LA;
			packageProductDependencies = (
			);
			productName = List_LA;
			productReference = 23C76BB12F30A6ED007CBFA3 /* List_LA.app */;
			productType = "com.apple.product-type.application";
		};
		23C76BC02F30A6EE007CBFA3 /* List_LATests */ = {
			isa = PBXNativeTarget;
			buildConfigurationList = 23C76BD82F30A6EE007CBFA3 /* Build configuration list for PBXNativeTarget "List_LATests" */;
			buildPhases = (
				23C76BBD2F30A6EE007CBFA3 /* Sources */,
				23C76BBE2F30A6EE007CBFA3 /* Frameworks */,
				23C76BBF2F30A6EE007CBFA3 /* Resources */,
			);
			buildRules = (
			);
			dependencies = (
				23C76BC32F30A6EE007CBFA3 /* PBXTargetDependency */,
			);
			fileSystemSynchronizedGroups = (
				23C76BC42F30A6EE007CBFA3 /* List_LATests */,
			);
			name = List_LATests;
			packageProductDependencies = (
			);
			productName = List_LATests;
			productReference = 23C76BC12F30A6EE007CBFA3 /* List_LATests.xctest */;
			productType = "com.apple.product-type.bundle.unit-test";
		};
		23C76BCA2F30A6EE007CBFA3 /* List_LAUITests */ = {
			isa = PBXNativeTarget;
			buildConfigurationList = 23C76BDB2F30A6EE007CBFA3 /* Build configuration list for PBXNativeTarget "List_LAUITests" */;
			buildPhases = (
				23C76BC72F30A6EE007CBFA3 /* Sources */,
				23C76BC82F30A6EE007CBFA3 /* Frameworks */,
				23C76BC92F30A6EE007CBFA3 /* Resources */,
			);
			buildRules = (
			);
			dependencies = (
				23C76BCD2F30A6EE007CBFA3 /* PBXTargetDependency */,
			);
			fileSystemSynchronizedGroups = (
				23C76BCE2F30A6EE007CBFA3 /* List_LAUITests */,
			);
			name = List_LAUITests;
			packageProductDependencies = (
			);
			productName = List_LAUITests;
			productReference = 23C76BCB2F30A6EE007CBFA3 /* List_LAUITests.xctest */;
			productType = "com.apple.product-type.bundle.ui-testing";
		};
/* End PBXNativeTarget section */

/* Begin PBXProject section */
		23C76BA92F30A6ED007CBFA3 /* Project object */ = {
			isa = PBXProject;
			attributes = {
				BuildIndependentTargetsInParallel = 1;
				LastSwiftUpdateCheck = 1600;
				LastUpgradeCheck = 1600;
				TargetAttributes = {
					23C76BB02F30A6ED007CBFA3 = {
						CreatedOnToolsVersion = 16.0;
					};
					23C76BC02F30A6EE007CBFA3 = {
						CreatedOnToolsVersion = 16.0;
						TestTargetID = 23C76BB02F30A6ED007CBFA3;
					};
					23C76BCA2F30A6EE007CBFA3 = {
						CreatedOnToolsVersion = 16.0;
						TestTargetID = 23C76BB02F30A6ED007CBFA3;
					};
				};
			};
			buildConfigurationList = 23C76BAC2F30A6ED007CBFA3 /* Build configuration list for PBXProject "List_LA" */;
			developmentRegion = en;
			hasScannedForEncodings = 0;
			knownRegions = (
				en,
				Base,
			);
			mainGroup = 23C76BA82F30A6ED007CBFA3;
			minimizedProjectReferenceProxies = 1;
			preferredProjectObjectVersion = 77;
			productRefGroup = 23C76BB22F30A6ED007CBFA3 /* Products */;
			projectDirPath = "";
			projectRoot = "";
			targets = (
				23C76BB02F30A6ED007CBFA3 /* List_LA */,
				23C76BC02F30A6EE007CBFA3 /* List_LATests */,
				23C76BCA2F30A6EE007CBFA3 /* List_LAUITests */,
			);
		};
/* End PBXProject section */

/* Begin PBXResourcesBuildPhase section */
		23C76BAF2F30A6ED007CBFA3 /* Resources */ = {
			isa = PBXResourcesBuildPhase;
			buildActionMask = 2147483647;
			files = (
			);
			runOnlyForDeploymentPostprocessing = 0;
		};
		23C76BBF2F30A6EE007CBFA3 /* Resources */ = {
			isa = PBXResourcesBuildPhase;
			buildActionMask = 2147483647;
			files = (
			);
			runOnlyForDeploymentPostprocessing = 0;
		};
		23C76BC92F30A6EE007CBFA3 /* Resources */ = {
			isa = PBXResourcesBuildPhase;
			buildActionMask = 2147483647;
			files = (
			);
			runOnlyForDeploymentPostprocessing = 0;
		};
/* End PBXResourcesBuildPhase section */

/* Begin PBXSourcesBuildPhase section */
		23C76BAD2F30A6ED007CBFA3 /* Sources */ = {
			isa = PBXSourcesBuildPhase;
			buildActionMask = 2147483647;
			files = (
			);
			runOnlyForDeploymentPostprocessing = 0;
		};
		23C76BBD2F30A6EE007CBFA3 /* Sources */ = {
			isa = PBXSourcesBuildPhase;
			buildActionMask = 2147483647;
			files = (
			);
			runOnlyForDeploymentPostprocessing = 0;
		};
		23C76BC72F30A6EE007CBFA3 /* Sources */ = {
			isa = PBXSourcesBuildPhase;
			buildActionMask = 2147483647;
			files = (
			);
			runOnlyForDeploymentPostprocessing = 0;
		};
/* End PBXSourcesBuildPhase section */

/* Begin PBXTargetDependency section */
		23C76BC32F30A6EE007CBFA3 /* PBXTargetDependency */ = {
			isa = PBXTargetDependency;
			target = 23C76BB02F30A6ED007CBFA3 /* List_LA */;
			targetProxy = 23C76BC22F30A6EE007CBFA3 /* PBXContainerItemProxy */;
		};
		23C76BCD2F30A6EE007CBFA3 /* PBXTargetDependency */ = {
			isa = PBXTargetDependency;
			target = 23C76BB02F30A6ED007CBFA3 /* List_LA */;
			targetProxy = 23C76BCC2F30A6EE007CBFA3 /* PBXContainerItemProxy */;
		};
/* End PBXTargetDependency section */

/* Begin XCBuildConfiguration section */
		23C76BD32F30A6EE007CBFA3 /* Debug */ = {
			isa = XCBuildConfiguration;
			buildSettings = {
				ALWAYS_SEARCH_USER_PATHS = NO;
				ASSETCATALOG_COMPILER_GENERATE_SWIFT_ASSET_SYMBOL_EXTENSIONS = YES;
				CLANG_ANALYZER_NONNULL = YES;
				CLANG_ANALYZER_NUMBER_OBJECT_CONVERSION = YES_AGGRESSIVE;
				CLANG_CXX_LANGUAGE_STANDARD = "gnu++20";
				CLANG_ENABLE_MODULES = YES;
				CLANG_ENABLE_OBJC_ARC = YES;
				CLANG_ENABLE_OBJC_WEAK = YES;
				CLANG_WARN_BLOCK_CAPTURE_AUTORELEASING = YES;
				CLANG_WARN_BOOL_CONVERSION = YES;
				CLANG_WARN_COMMA = YES;
				CLANG_WARN_CONSTANT_CONVERSION = YES;
				CLANG_WARN_DEPRECATED_OBJC_IMPLEMENTATIONS = YES;
				CLANG_WARN_DIRECT_OBJC_ISA_USAGE = YES_ERROR;
				CLANG_WARN_DOCUMENTATION_COMMENTS = YES;
				CLANG_WARN_EMPTY_BODY = YES;
				CLANG_WARN_ENUM_CONVERSION = YES;
				CLANG_WARN_INFINITE_RECURSION = YES;
				CLANG_WARN_INT_CONVERSION = YES;
				CLANG_WARN_NON_LITERAL_NULL_CONVERSION = YES;
				CLANG_WARN_OBJC_IMPLICIT_RETAIN_SELF = YES;
				CLANG_WARN_OBJC_LITERAL_CONVERSION = YES;
				CLANG_WARN_OBJC_ROOT_CLASS = YES_ERROR;
				CLANG_WARN_QUOTED_INCLUDE_IN_FRAMEWORK_HEADER = YES;
				CLANG_WARN_RANGE_LOOP_ANALYSIS = YES;
				CLANG_WARN_STRICT_PROTOTYPES = YES;
				CLANG_WARN_SUSPICIOUS_MOVE = YES;
				CLANG_WARN_UNGUARDED_AVAILABILITY = YES_AGGRESSIVE;
				CLANG_WARN_UNREACHABLE_CODE = YES;
				CLANG_WARN__DUPLICATE_METHOD_MATCH = YES;
				COPY_PHASE_STRIP = NO;
				DEBUG_INFORMATION_FORMAT = dwarf;
				ENABLE_STRICT_OBJC_MSGSEND = YES;
				ENABLE_TESTABILITY = YES;
				ENABLE_USER_SCRIPT_SANDBOXING = YES;
				GCC_C_LANGUAGE_STANDARD = gnu17;
				GCC_DYNAMIC_NO_PIC = NO;
				GCC_NO_COMMON_BLOCKS = YES;
				GCC_OPTIMIZATION_LEVEL = 0;
				GCC_PREPROCESSOR_DEFINITIONS = (
					"DEBUG=1",
					"$(inherited)",
				);
				GCC_WARN_64_TO_32_BIT_CONVERSION = YES;
				GCC_WARN_ABOUT_RETURN_TYPE = YES_ERROR;
				GCC_WARN_UNDECLARED_SELECTOR = YES;
				GCC_WARN_UNINITIALIZED_AUTOS = YES_AGGRESSIVE;
				GCC_WARN_UNUSED_FUNCTION = YES;
				GCC_WARN_UNUSED_VARIABLE = YES;
				IPHONEOS_DEPLOYMENT_TARGET = 18.0;
				LOCALIZATION_PREFERS_STRING_CATALOGS = YES;
				MTL_ENABLE_DEBUG_INFO = INCLUDE_SOURCE;
				MTL_FAST_MATH = YES;
				ONLY_ACTIVE_ARCH = YES;
				SDKROOT = iphoneos;
				SWIFT_ACTIVE_COMPILATION_CONDITIONS = "DEBUG $(inherited)";
				SWIFT_OPTIMIZATION_LEVEL = "-Onone";
			};
			name = Debug;
		};
		23C76BD42F30A6EE007CBFA3 /* Release */ = {
			isa = XCBuildConfiguration;
			buildSettings = {
				ALWAYS_SEARCH_USER_PATHS = NO;
				ASSETCATALOG_COMPILER_GENERATE_SWIFT_ASSET_SYMBOL_EXTENSIONS = YES;
				CLANG_ANALYZER_NONNULL = YES;
				CLANG_ANALYZER_NUMBER_OBJECT_CONVERSION = YES_AGGRESSIVE;
				CLANG_CXX_LANGUAGE_STANDARD = "gnu++20";
				CLANG_ENABLE_MODULES = YES;
				CLANG_ENABLE_OBJC_ARC = YES;
				CLANG_ENABLE_OBJC_WEAK = YES;
				CLANG_WARN_BLOCK_CAPTURE_AUTORELEASING = YES;
				CLANG_WARN_BOOL_CONVERSION = YES;
				CLANG_WARN_COMMA = YES;
				CLANG_WARN_CONSTANT_CONVERSION = YES;
				CLANG_WARN_DEPRECATED_OBJC_IMPLEMENTATIONS = YES;
				CLANG_WARN_DIRECT_OBJC_ISA_USAGE = YES_ERROR;
				CLANG_WARN_DOCUMENTATION_COMMENTS = YES;
				CLANG_WARN_EMPTY_BODY = YES;
				CLANG_WARN_ENUM_CONVERSION = YES;
				CLANG_WARN_INFINITE_RECURSION = YES;
				CLANG_WARN_INT_CONVERSION = YES;
				CLANG_WARN_NON_LITERAL_NULL_CONVERSION = YES;
				CLANG_WARN_OBJC_IMPLICIT_RETAIN_SELF = YES;
				CLANG_WARN_OBJC_LITERAL_CONVERSION = YES;
				CLANG_WARN_OBJC_ROOT_CLASS = YES_ERROR;
				CLANG_WARN_QUOTED_INCLUDE_IN_FRAMEWORK_HEADER = YES;
				CLANG_WARN_RANGE_LOOP_ANALYSIS = YES;
				CLANG_WARN_STRICT_PROTOTYPES = YES;
				CLANG_WARN_SUSPICIOUS_MOVE = YES;
				CLANG_WARN_UNGUARDED_AVAILABILITY = YES_AGGRESSIVE;
				CLANG_WARN_UNREACHABLE_CODE = YES;
				CLANG_WARN__DUPLICATE_METHOD_MATCH = YES;
				COPY_PHASE_STRIP = NO;
				DEBUG_INFORMATION_FORMAT = "dwarf-with-dsym";
				ENABLE_NS_ASSERTIONS = NO;
				ENABLE_STRICT_OBJC_MSGSEND = YES;
				ENABLE_USER_SCRIPT_SANDBOXING = YES;
				GCC_C_LANGUAGE_STANDARD = gnu17;
				GCC_NO_COMMON_BLOCKS = YES;
				GCC_WARN_64_TO_32_BIT_CONVERSION = YES;
				GCC_WARN_ABOUT_RETURN_TYPE = YES_ERROR;
				GCC_WARN_UNDECLARED_SELECTOR = YES;
				GCC_WARN_UNINITIALIZED_AUTOS = YES_AGGRESSIVE;
				GCC_WARN_UNUSED_FUNCTION = YES;
				GCC_WARN_UNUSED_VARIABLE = YES;
				IPHONEOS_DEPLOYMENT_TARGET = 18.0;
				LOCALIZATION_PREFERS_STRING_CATALOGS = YES;
				MTL_ENABLE_DEBUG_INFO = NO;
				MTL_FAST_MATH = YES;
				SDKROOT = iphoneos;
				SWIFT_COMPILATION_MODE = wholemodule;
				VALIDATE_PRODUCT = YES;
			};
			name = Release;
		};
		23C76BD62F30A6EE007CBFA3 /* Debug */ = {
			isa = XCBuildConfiguration;
			buildSettings = {
				ASSETCATALOG_COMPILER_APPICON_NAME = AppIcon;
				ASSETCATALOG_COMPILER_GLOBAL_ACCENT_COLOR_NAME = AccentColor;
				CODE_SIGN_STYLE = Automatic;
				CURRENT_PROJECT_VERSION = 1;
				DEVELOPMENT_ASSET_PATHS = "\"List_LA/Preview Content\"";
				ENABLE_PREVIEWS = YES;
				GENERATE_INFOPLIST_FILE = YES;
				INFOPLIST_KEY_UIApplicationSceneManifest_Generation = YES;
				INFOPLIST_KEY_UIApplicationSupportsIndirectInputEvents = YES;
				INFOPLIST_KEY_UILaunchScreen_Generation = YES;
				INFOPLIST_KEY_UISupportedInterfaceOrientations_iPad = "UIInterfaceOrientationPortrait UIInterfaceOrientationPortraitUpsideDown UIInterfaceOrientationLandscapeLeft UIInterfaceOrientationLandscapeRight";
				INFOPLIST_KEY_UISupportedInterfaceOrientations_iPhone = "UIInterfaceOrientationPortrait UIInterfaceOrientationLandscapeLeft UIInterfaceOrientationLandscapeRight";
				LD_RUNPATH_SEARCH_PATHS = (
					"$(inherited)",
					"@executable_path/Frameworks",
				);
				MARKETING_VERSION = 1.0;
				PRODUCT_BUNDLE_IDENTIFIER = "app.Singh.Baku.List-LA";
				PRODUCT_NAME = "$(TARGET_NAME)";
				SWIFT_EMIT_LOC_STRINGS = YES;
				SWIFT_VERSION = 5.0;
				TARGETED_DEVICE_FAMILY = "1,2";
			};
			name = Debug;
		};
		23C76BD72F30A6EE007CBFA3 /* Release */ = {
			isa = XCBuildConfiguration;
			buildSettings = {
				ASSETCATALOG_COMPILER_APPICON_NAME = AppIcon;
				ASSETCATALOG_COMPILER_GLOBAL_ACCENT_COLOR_NAME = AccentColor;
				CODE_SIGN_STYLE = Automatic;
				CURRENT_PROJECT_VERSION = 1;
				DEVELOPMENT_ASSET_PATHS = "\"List_LA/Preview Content\"";
				ENABLE_PREVIEWS = YES;
				GENERATE_INFOPLIST_FILE = YES;
				INFOPLIST_KEY_UIApplicationSceneManifest_Generation = YES;
				INFOPLIST_KEY_UIApplicationSupportsIndirectInputEvents = YES;
				INFOPLIST_KEY_UILaunchScreen_Generation = YES;
				INFOPLIST_KEY_UISupportedInterfaceOrientations_iPad = "UIInterfaceOrientationPortrait UIInterfaceOrientationPortraitUpsideDown UIInterfaceOrientationLandscapeLeft UIInterfaceOrientationLandscapeRight";
				INFOPLIST_KEY_UISupportedInterfaceOrientations_iPhone = "UIInterfaceOrientationPortrait UIInterfaceOrientationLandscapeLeft UIInterfaceOrientationLandscapeRight";
				LD_RUNPATH_SEARCH_PATHS = (
					"$(inherited)",
					"@executable_path/Frameworks",
				);
				MARKETING_VERSION = 1.0;
				PRODUCT_BUNDLE_IDENTIFIER = "app.Singh.Baku.List-LA";
				PRODUCT_NAME = "$(TARGET_NAME)";
				SWIFT_EMIT_LOC_STRINGS = YES;
				SWIFT_VERSION = 5.0;
				TARGETED_DEVICE_FAMILY = "1,2";
			};
			name = Release;
		};
		23C76BD92F30A6EE007CBFA3 /* Debug */ = {
			isa = XCBuildConfiguration;
			buildSettings = {
				BUNDLE_LOADER = "$(TEST_HOST)";
				CODE_SIGN_STYLE = Automatic;
				CURRENT_PROJECT_VERSION = 1;
				GENERATE_INFOPLIST_FILE = YES;
				IPHONEOS_DEPLOYMENT_TARGET = 18.0;
				MARKETING_VERSION = 1.0;
				PRODUCT_BUNDLE_IDENTIFIER = "app.Singh.Baku.List-LATests";
				PRODUCT_NAME = "$(TARGET_NAME)";
				SWIFT_EMIT_LOC_STRINGS = NO;
				SWIFT_VERSION = 5.0;
				TARGETED_DEVICE_FAMILY = "1,2";
				TEST_HOST = "$(BUILT_PRODUCTS_DIR)/List_LA.app/$(BUNDLE_EXECUTABLE_FOLDER_PATH)/List_LA";
			};
			name = Debug;
		};
		23C76BDA2F30A6EE007CBFA3 /* Release */ = {
			isa = XCBuildConfiguration;
			buildSettings = {
				BUNDLE_LOADER = "$(TEST_HOST)";
				CODE_SIGN_STYLE = Automatic;
				CURRENT_PROJECT_VERSION = 1;
				GENERATE_INFOPLIST_FILE = YES;
				IPHONEOS_DEPLOYMENT_TARGET = 18.0;
				MARKETING_VERSION = 1.0;
				PRODUCT_BUNDLE_IDENTIFIER = "app.Singh.Baku.List-LATests";
				PRODUCT_NAME = "$(TARGET_NAME)";
				SWIFT_EMIT_LOC_STRINGS = NO;
				SWIFT_VERSION = 5.0;
				TARGETED_DEVICE_FAMILY = "1,2";
				TEST_HOST = "$(BUILT_PRODUCTS_DIR)/List_LA.app/$(BUNDLE_EXECUTABLE_FOLDER_PATH)/List_LA";
			};
			name = Release;
		};
		23C76BDC2F30A6EE007CBFA3 /* Debug */ = {
			isa = XCBuildConfiguration;
			buildSettings = {
				CODE_SIGN_STYLE = Automatic;
				CURRENT_PROJECT_VERSION = 1;
				GENERATE_INFOPLIST_FILE = YES;
				MARKETING_VERSION = 1.0;
				PRODUCT_BUNDLE_IDENTIFIER = "app.Singh.Baku.List-LAUITests";
				PRODUCT_NAME = "$(TARGET_NAME)";
				SWIFT_EMIT_LOC_STRINGS = NO;
				SWIFT_VERSION = 5.0;
				TARGETED_DEVICE_FAMILY = "1,2";
				TEST_TARGET_NAME = List_LA;
			};
			name = Debug;
		};
		23C76BDD2F30A6EE007CBFA3 /* Release */ = {
			isa = XCBuildConfiguration;
			buildSettings = {
				CODE_SIGN_STYLE = Automatic;
				CURRENT_PROJECT_VERSION = 1;
				GENERATE_INFOPLIST_FILE = YES;
				MARKETING_VERSION = 1.0;
				PRODUCT_BUNDLE_IDENTIFIER = "app.Singh.Baku.List-LAUITests";
				PRODUCT_NAME = "$(TARGET_NAME)";
				SWIFT_EMIT_LOC_STRINGS = NO;
				SWIFT_VERSION = 5.0;
				TARGETED_DEVICE_FAMILY = "1,2";
				TEST_TARGET_NAME = List_LA;
			};
			name = Release;
		};
/* End XCBuildConfiguration section */

/* Begin XCConfigurationList section */
		23C76BAC2F30A6ED007CBFA3 /* Build configuration list for PBXProject "List_LA" */ = {
			isa = XCConfigurationList;
			buildConfigurations = (
				23C76BD32F30A6EE007CBFA3 /* Debug */,
				23C76BD42F30A6EE007CBFA3 /* Release */,
			);
			defaultConfigurationIsVisible = 0;
			defaultConfigurationName = Release;
		};
		23C76BD52F30A6EE007CBFA3 /* Build configuration list for PBXNativeTarget "List_LA" */ = {
			isa = XCConfigurationList;
			buildConfigurations = (
				23C76BD62F30A6EE007CBFA3 /* Debug */,
				23C76BD72F30A6EE007CBFA3 /* Release */,
			);
			defaultConfigurationIsVisible = 0;
			defaultConfigurationName = Release;
		};
		23C76BD82F30A6EE007CBFA3 /* Build configuration list for PBXNativeTarget "List_LATests" */ = {
			isa = XCConfigurationList;
			buildConfigurations = (
				23C76BD92F30A6EE007CBFA3 /* Debug */,
				23C76BDA2F30A6EE007CBFA3 /* Release */,
			);
			defaultConfigurationIsVisible = 0;
			defaultConfigurationName = Release;
		};
		23C76BDB2F30A6EE007CBFA3 /* Build configuration list for PBXNativeTarget "List_LAUITests" */ = {
			isa = XCConfigurationList;
			buildConfigurations = (
				23C76BDC2F30A6EE007CBFA3 /* Debug */,
				23C76BDD2F30A6EE007CBFA3 /* Release */,
			);
			defaultConfigurationIsVisible = 0;
			defaultConfigurationName = Release;
		};
/* End XCConfigurationList section */
	};
	rootObject = 23C76BA92F30A6ED007CBFA3 /* Project object */;
}
